<?xml version="1.0" encoding="utf-8"?>
<Project ToolsVersion="4.0" xmlns="http://schemas.microsoft.com/developer/msbuild/2003">
  <ItemGroup>
    <Filter Include="Source Files">
      <UniqueIdentifier>{4FC737F1-C7A5-4376-A066-2A32D752A2FF}</UniqueIdentifier>
      <Extensions>cpp;c;cc;cxx;c++;def;odl;idl;hpj;bat;asm;asmx</Extensions>
    </Filter>
    <Filter Include="Header Files">
      <UniqueIdentifier>{93995380-89BD-4b04-88EB-625FBE52EBFB}</UniqueIdentifier>
      <Extensions>h;hh;hpp;hxx;h++;hm;inl;inc;ipp;xsd</Extensions>
    </Filter>
    <Filter Include="Resource Files">
      <UniqueIdentifier>{67DA6AB6-F800-4c08-8B7A-83BB121AAD01}</UniqueIdentifier>
      <Extensions>rc;ico;cur;bmp;dlg;rc2;rct;bin;rgs;gif;jpg;jpeg;jpe;resx;tiff;tif;png;wav;mfcribbon-ms</Extensions>
    </Filter>
  </ItemGroup>
  <ItemGroup>
    <ClInclude Include="GTSL\Allocator.h">
      <Filter>Header Files</Filter>
    </ClInclude>
    <ClInclude Include="GTSL\Application.h">
      <Filter>Header Files</Filter>
    </ClInclude>
    <ClInclude Include="GTSL\Array.hpp">
      <Filter>Header Files</Filter>
    </ClInclude>
    <ClInclude Include="GTSL\BlockingQueue.h">
      <Filter>Header Files</Filter>
    </ClInclude>
    <ClInclude Include="GTSL\DArray.hpp">
      <Filter>Header Files</Filter>
    </ClInclude>
    <ClInclude Include="GTSL\Delegate.h">
      <Filter>Header Files</Filter>
    </ClInclude>
    <ClInclude Include="GTSL\Extent.h">
      <Filter>Header Files</Filter>
    </ClInclude>
    <ClInclude Include="GTSL\FlatHashMap.h">
      <Filter>Header Files</Filter>
    </ClInclude>
    <ClInclude Include="GTSL\FlipFlop.h">
      <Filter>Header Files</Filter>
    </ClInclude>
    <ClInclude Include="GTSL\FString.h">
      <Filter>Header Files</Filter>
    </ClInclude>
    <ClInclude Include="GTSL\FVector.hpp">
      <Filter>Header Files</Filter>
    </ClInclude>
    <ClInclude Include="GTSL\Id.h">
      <Filter>Header Files</Filter>
    </ClInclude>
    <ClInclude Include="GTSL\KVector.h">
      <Filter>Header Files</Filter>
    </ClInclude>
    <ClInclude Include="GTSL\Mutex.h">
      <Filter>Header Files</Filter>
    </ClInclude>
    <ClInclude Include="GTSL\Octree.h">
      <Filter>Header Files</Filter>
    </ClInclude>
    <ClInclude Include="GTSL\Pair.h">
      <Filter>Header Files</Filter>
    </ClInclude>
    <ClInclude Include="GTSL\Ranger.h">
      <Filter>Header Files</Filter>
    </ClInclude>
    <ClInclude Include="GTSL\RGB.h">
      <Filter>Header Files</Filter>
    </ClInclude>
    <ClInclude Include="GTSL\RGBA.h">
      <Filter>Header Files</Filter>
    </ClInclude>
    <ClInclude Include="GTSL\Semaphore.h">
      <Filter>Header Files</Filter>
    </ClInclude>
    <ClInclude Include="GTSL\SHashMap.h">
      <Filter>Header Files</Filter>
    </ClInclude>
    <ClInclude Include="GTSL\Signal.h">
      <Filter>Header Files</Filter>
    </ClInclude>
    <ClInclude Include="GTSL\SinglyLinkedList.hpp">
      <Filter>Header Files</Filter>
    </ClInclude>
    <ClInclude Include="GTSL\System.h">
      <Filter>Header Files</Filter>
    </ClInclude>
    <ClInclude Include="GTSL\TextureCoordinates.h">
      <Filter>Header Files</Filter>
    </ClInclude>
    <ClInclude Include="GTSL\Thread.h">
      <Filter>Header Files</Filter>
    </ClInclude>
    <ClInclude Include="GTSL\ThreadPool.h">
      <Filter>Header Files</Filter>
    </ClInclude>
    <ClInclude Include="GTSL\TimePoint.h">
      <Filter>Header Files</Filter>
    </ClInclude>
    <ClInclude Include="GTSL\Window.h">
      <Filter>Header Files</Filter>
    </ClInclude>
    <ClInclude Include="GTSL\Platform\Windows\WindowsApplication.h">
      <Filter>Header Files</Filter>
    </ClInclude>
    <ClInclude Include="GTSL\Platform\Windows\WindowsWindow.h">
      <Filter>Header Files</Filter>
    </ClInclude>
    <ClInclude Include="GTSL\Network\NetConnection.h">
      <Filter>Header Files</Filter>
    </ClInclude>
    <ClInclude Include="GTSL\Network\NetSocket.h">
      <Filter>Header Files</Filter>
    </ClInclude>
    <ClInclude Include="GTSL\Network\NetworkCore.h">
      <Filter>Header Files</Filter>
    </ClInclude>
    <ClInclude Include="GTSL\Core.h">
      <Filter>Header Files</Filter>
    </ClInclude>
    <ClInclude Include="GTSL\Memory.h">
      <Filter>Header Files</Filter>
    </ClInclude>
    <ClInclude Include="GTSL\Stream.h">
      <Filter>Header Files</Filter>
    </ClInclude>
    <ClInclude Include="GTSL\Serialize.h">
      <Filter>Header Files</Filter>
    </ClInclude>
    <ClInclude Include="GTSL\Bitfield.h">
      <Filter>Header Files</Filter>
    </ClInclude>
  </ItemGroup>
  <ItemGroup>
    <ClCompile Include="src\Platform\Windows\WindowsApplication.cpp">
      <Filter>Source Files</Filter>
    </ClCompile>
    <ClCompile Include="src\Platform\Windows\WindowsWindow.cpp">
      <Filter>Source Files</Filter>
    </ClCompile>
    <ClCompile Include="src\System.cpp">
      <Filter>Source Files</Filter>
    </ClCompile>
    <ClCompile Include="src\FString.cpp">
      <Filter>Source Files</Filter>
    </ClCompile>
    <ClCompile Include="src\Id.cpp">
      <Filter>Source Files</Filter>
    </ClCompile>
    <ClCompile Include="src\NetSocket.cpp">
      <Filter>Source Files</Filter>
    </ClCompile>
    <ClCompile Include="src\Stream.cpp">
      <Filter>Source Files</Filter>
    </ClCompile>
  </ItemGroup>
</Project>