<?xml version="1.0" encoding="utf-8"?>
<Project ToolsVersion="4.0" xmlns="http://schemas.microsoft.com/developer/msbuild/2003">
  <ItemGroup>
    <Filter Include="Source Files">
      <UniqueIdentifier>{4FC737F1-C7A5-4376-A066-2A32D752A2FF}</UniqueIdentifier>
      <Extensions>cpp;c;cc;cxx;c++;def;odl;idl;hpj;bat;asm;asmx</Extensions>
    </Filter>
    <Filter Include="Header Files">
      <UniqueIdentifier>{93995380-89BD-4b04-88EB-625FBE52EBFB}</UniqueIdentifier>
      <Extensions>h;hh;hpp;hxx;h++;hm;inl;inc;ipp;xsd</Extensions>
    </Filter>
    <Filter Include="Resource Files">
      <UniqueIdentifier>{67DA6AB6-F800-4c08-8B7A-83BB121AAD01}</UniqueIdentifier>
      <Extensions>rc;ico;cur;bmp;dlg;rc2;rct;bin;rgs;gif;jpg;jpeg;jpe;resx;tiff;tif;png;wav;mfcribbon-ms</Extensions>
    </Filter>
  </ItemGroup>
  <ItemGroup>
    <ClInclude Include="GTSL\Allocator.h">
      <Filter>Header Files</Filter>
    </ClInclude>
    <ClInclude Include="GTSL\Application.h">
      <Filter>Header Files</Filter>
    </ClInclude>
    <ClInclude Include="GTSL\Array.hpp">
      <Filter>Header Files</Filter>
    </ClInclude>
    <ClInclude Include="GTSL\BlockingQueue.h">
      <Filter>Header Files</Filter>
    </ClInclude>
    <ClInclude Include="GTSL\Extent.h">
      <Filter>Header Files</Filter>
    </ClInclude>
    <ClInclude Include="GTSL\FlatHashMap.h">
      <Filter>Header Files</Filter>
    </ClInclude>
    <ClInclude Include="GTSL\FlipFlop.h">
      <Filter>Header Files</Filter>
    </ClInclude>
    <ClInclude Include="GTSL\Id.h">
      <Filter>Header Files</Filter>
    </ClInclude>
    <ClInclude Include="GTSL\Mutex.h">
      <Filter>Header Files</Filter>
    </ClInclude>
    <ClInclude Include="GTSL\Pair.h">
      <Filter>Header Files</Filter>
    </ClInclude>
    <ClInclude Include="GTSL\RGB.h">
      <Filter>Header Files</Filter>
    </ClInclude>
    <ClInclude Include="GTSL\Semaphore.h">
      <Filter>Header Files</Filter>
    </ClInclude>
    <ClInclude Include="GTSL\System.h">
      <Filter>Header Files</Filter>
    </ClInclude>
    <ClInclude Include="GTSL\TextureCoordinates.h">
      <Filter>Header Files</Filter>
    </ClInclude>
    <ClInclude Include="GTSL\Thread.h">
      <Filter>Header Files</Filter>
    </ClInclude>
    <ClInclude Include="GTSL\Window.h">
      <Filter>Header Files</Filter>
    </ClInclude>
    <ClInclude Include="GTSL\Network\NetConnection.h">
      <Filter>Header Files</Filter>
    </ClInclude>
    <ClInclude Include="GTSL\Core.h">
      <Filter>Header Files</Filter>
    </ClInclude>
    <ClInclude Include="GTSL\Memory.h">
      <Filter>Header Files</Filter>
    </ClInclude>
    <ClInclude Include="GTSL\Serialize.h">
      <Filter>Header Files</Filter>
    </ClInclude>
    <ClInclude Include="GTSL\Bitfield.h">
      <Filter>Header Files</Filter>
    </ClInclude>
    <ClInclude Include="GTSL\Vector.hpp">
      <Filter>Header Files</Filter>
    </ClInclude>
    <ClInclude Include="GTSL\FixedVector.hpp">
      <Filter>Header Files</Filter>
    </ClInclude>
    <ClInclude Include="GTSL\GamepadQuery.h">
      <Filter>Header Files</Filter>
    </ClInclude>
    <ClInclude Include="GTSL\KeepVector.h">
      <Filter>Header Files</Filter>
    </ClInclude>
    <ClInclude Include="GTSL\Assert.h">
      <Filter>Header Files</Filter>
    </ClInclude>
    <ClInclude Include="GTSL\Tuple.h">
      <Filter>Header Files</Filter>
    </ClInclude>
    <ClInclude Include="GTSL\String.hpp">
      <Filter>Header Files</Filter>
    </ClInclude>
    <ClInclude Include="GTSL\Network\Sockets.h">
      <Filter>Header Files</Filter>
    </ClInclude>
    <ClInclude Include="Math\AxisAngle.h">
      <Filter>Header Files</Filter>
    </ClInclude>
    <ClInclude Include="Math\Core.h">
      <Filter>Header Files</Filter>
    </ClInclude>
    <ClInclude Include="Math\Frustum.h">
      <Filter>Header Files</Filter>
    </ClInclude>
    <ClInclude Include="Math\GTM.hpp">
      <Filter>Header Files</Filter>
    </ClInclude>
    <ClInclude Include="Math\Line.h">
      <Filter>Header Files</Filter>
    </ClInclude>
    <ClInclude Include="Math\Matrix4.h">
      <Filter>Header Files</Filter>
    </ClInclude>
    <ClInclude Include="Math\Plane.h">
      <Filter>Header Files</Filter>
    </ClInclude>
    <ClInclude Include="Math\Quaternion.h">
      <Filter>Header Files</Filter>
    </ClInclude>
    <ClInclude Include="Math\Rotator.h">
      <Filter>Header Files</Filter>
    </ClInclude>
    <ClInclude Include="Math\Transform2.h">
      <Filter>Header Files</Filter>
    </ClInclude>
    <ClInclude Include="Math\Transform3.h">
      <Filter>Header Files</Filter>
    </ClInclude>
    <ClInclude Include="Math\Vector2.h">
      <Filter>Header Files</Filter>
    </ClInclude>
    <ClInclude Include="Math\Vector3.h">
      <Filter>Header Files</Filter>
    </ClInclude>
    <ClInclude Include="Math\Vector4.h">
      <Filter>Header Files</Filter>
    </ClInclude>
    <ClInclude Include="GTSL\Math\AxisAngle.h">
      <Filter>Header Files</Filter>
    </ClInclude>
    <ClInclude Include="GTSL\Math\Frustum.h">
      <Filter>Header Files</Filter>
    </ClInclude>
    <ClInclude Include="GTSL\Math\Line.h">
      <Filter>Header Files</Filter>
    </ClInclude>
    <ClInclude Include="GTSL\Math\Matrix4.h">
      <Filter>Header Files</Filter>
    </ClInclude>
    <ClInclude Include="GTSL\Math\Plane.h">
      <Filter>Header Files</Filter>
    </ClInclude>
    <ClInclude Include="GTSL\Math\Quaternion.h">
      <Filter>Header Files</Filter>
    </ClInclude>
    <ClInclude Include="GTSL\Math\Rotator.h">
      <Filter>Header Files</Filter>
    </ClInclude>
    <ClInclude Include="GTSL\Math\Transform3.h">
      <Filter>Header Files</Filter>
    </ClInclude>
    <ClInclude Include="GTSL\Math\Vector2.h">
      <Filter>Header Files</Filter>
    </ClInclude>
    <ClInclude Include="GTSL\Math\Vector3.h">
      <Filter>Header Files</Filter>
    </ClInclude>
    <ClInclude Include="GTSL\Math\Vector4.h">
      <Filter>Header Files</Filter>
    </ClInclude>
    <ClInclude Include="GTSL\Math\Math.hpp">
      <Filter>Header Files</Filter>
    </ClInclude>
    <ClInclude Include="GTSL\StaticString.hpp">
      <Filter>Header Files</Filter>
    </ClInclude>
    <ClInclude Include="GTSL\Delegate.hpp">
      <Filter>Header Files</Filter>
    </ClInclude>
    <ClInclude Include="GTSL\DLL.h">
      <Filter>Header Files</Filter>
    </ClInclude>
    <ClInclude Include="GTSL\ConditionVariable.h">
      <Filter>Header Files</Filter>
    </ClInclude>
    <ClInclude Include="GTSL\File.h">
      <Filter>Header Files</Filter>
    </ClInclude>
    <ClInclude Include="GTSL\Buffer.h">
      <Filter>Header Files</Filter>
    </ClInclude>
    <ClInclude Include="GTSL\Time.h">
      <Filter>Header Files</Filter>
    </ClInclude>
    <ClInclude Include="GTSL\FunctionPointer.hpp">
      <Filter>Header Files</Filter>
    </ClInclude>
    <ClInclude Include="GTSL\Network\IPEndpoints.h">
      <Filter>Header Files</Filter>
    </ClInclude>
    <ClInclude Include="GTSL\Console.h">
      <Filter>Header Files</Filter>
    </ClInclude>
    <ClInclude Include="GTSL\StringCommon.h">
      <Filter>Header Files</Filter>
    </ClInclude>
    <ClInclude Include="GTSL\Algorithm.h">
      <Filter>Header Files</Filter>
    </ClInclude>
    <ClInclude Include="GTSL\Bitman.h">
      <Filter>Header Files</Filter>
    </ClInclude>
    <ClInclude Include="GTSL\Atomic.hpp">
      <Filter>Header Files</Filter>
    </ClInclude>
    <ClInclude Include="GTSL\SIMD\SIMD.hpp">
      <Filter>Header Files</Filter>
    </ClInclude>
    <ClInclude Include="GTSL\SIMD\SIMD128.hpp">
      <Filter>Header Files</Filter>
    </ClInclude>
    <ClInclude Include="GTSL\DataSizes.h">
      <Filter>Header Files</Filter>
    </ClInclude>
    <ClInclude Include="GTSL\DynamicType.h">
      <Filter>Header Files</Filter>
    </ClInclude>
    <ClInclude Include="GTSL\Filesystem.h">
      <Filter>Header Files</Filter>
    </ClInclude>
    <ClInclude Include="GTSL\RatioUnit.hpp">
      <Filter>Header Files</Filter>
    </ClInclude>
    <ClInclude Include="GTSL\Result.h">
      <Filter>Header Files</Filter>
    </ClInclude>
    <ClInclude Include="GTSL\Flags.h">
      <Filter>Header Files</Filter>
    </ClInclude>
    <ClInclude Include="GTSL\SparseVector.hpp">
      <Filter>Header Files</Filter>
    </ClInclude>
    <ClInclude Include="GTSL\BitTracker.h">
      <Filter>Header Files</Filter>
    </ClInclude>
    <ClInclude Include="GTSL\Range.h">
      <Filter>Header Files</Filter>
    </ClInclude>
    <ClInclude Include="GTSL\PagedVector.h">
      <Filter>Header Files</Filter>
    </ClInclude>
    <ClInclude Include="GTSL\Tree.hpp">
      <Filter>Header Files</Filter>
    </ClInclude>
    <ClInclude Include="GTSL\DeferrableContainer.h">
      <Filter>Header Files</Filter>
    </ClInclude>
  </ItemGroup>
  <ItemGroup>
    <ClCompile Include="src\System.cpp">
      <Filter>Source Files</Filter>
    </ClCompile>
    <ClCompile Include="src\GamepadQuery.cpp">
      <Filter>Source Files</Filter>
    </ClCompile>
    <ClCompile Include="src\Memory.cpp">
      <Filter>Source Files</Filter>
    </ClCompile>
    <ClCompile Include="src\Sockets.cpp">
      <Filter>Source Files</Filter>
    </ClCompile>
    <ClCompile Include="src\Math\AxisAngle.cpp">
      <Filter>Source Files</Filter>
    </ClCompile>
    <ClCompile Include="src\Math\Matrix4.cpp">
      <Filter>Source Files</Filter>
    </ClCompile>
    <ClCompile Include="src\Math\Plane.cpp">
      <Filter>Source Files</Filter>
    </ClCompile>
    <ClCompile Include="src\Math\Quaternion.cpp">
      <Filter>Source Files</Filter>
    </ClCompile>
    <ClCompile Include="src\Math\Rotator.cpp">
      <Filter>Source Files</Filter>
    </ClCompile>
    <ClCompile Include="src\Math\Vector3.cpp">
      <Filter>Source Files</Filter>
    </ClCompile>
    <ClCompile Include="src\Application.cpp">
      <Filter>Source Files</Filter>
    </ClCompile>
    <ClCompile Include="src\Window.cpp">
      <Filter>Source Files</Filter>
    </ClCompile>
    <ClCompile Include="src\File.cpp">
      <Filter>Source Files</Filter>
    </ClCompile>
    <ClCompile Include="src\DLL.cpp">
      <Filter>Source Files</Filter>
    </ClCompile>
    <ClCompile Include="src\Thread.cpp">
      <Filter>Source Files</Filter>
    </ClCompile>
    <ClCompile Include="src\Console.cpp">
      <Filter>Source Files</Filter>
    </ClCompile>
    <ClCompile Include="src\StringCommon.cpp">
      <Filter>Source Files</Filter>
    </ClCompile>
    <ClCompile Include="src\Filesystem.cpp">
      <Filter>Source Files</Filter>
    </ClCompile>
    <ClCompile Include="src\Bitman.cpp">
      <Filter>Source Files</Filter>
    </ClCompile>
    <ClCompile Include="src\Allocator.cpp">
      <Filter>Source Files</Filter>
    </ClCompile>
    <ClCompile Include="src\Math\Vector4.cpp">
      <Filter>Source Files</Filter>
    </ClCompile>
    <ClCompile Include="src\Math\Math.cpp">
      <Filter>Source Files</Filter>
    </ClCompile>
    <ClCompile Include="GTSL\StaticMap.hpp" />
    <ClCompile Include="GTSL\ArrayCommon.hpp" />
  </ItemGroup>
</Project>