<?xml version="1.0" encoding="utf-8"?>
<Project ToolsVersion="4.0" xmlns="http://schemas.microsoft.com/developer/msbuild/2003">
  <ItemGroup>
    <Filter Include="Source Files">
      <UniqueIdentifier>{4FC737F1-C7A5-4376-A066-2A32D752A2FF}</UniqueIdentifier>
      <Extensions>cpp;c;cc;cxx;c++;def;odl;idl;hpj;bat;asm;asmx</Extensions>
    </Filter>
    <Filter Include="Header Files">
      <UniqueIdentifier>{93995380-89BD-4b04-88EB-625FBE52EBFB}</UniqueIdentifier>
      <Extensions>h;hh;hpp;hxx;h++;hm;inl;inc;ipp;xsd</Extensions>
    </Filter>
    <Filter Include="Resource Files">
      <UniqueIdentifier>{67DA6AB6-F800-4c08-8B7A-83BB121AAD01}</UniqueIdentifier>
      <Extensions>rc;ico;cur;bmp;dlg;rc2;rct;bin;rgs;gif;jpg;jpeg;jpe;resx;tiff;tif;png;wav;mfcribbon-ms</Extensions>
    </Filter>
  </ItemGroup>
  <ItemGroup>
    <ClInclude Include="GAL\Vulkan\Vulkan.h">
      <Filter>Header Files</Filter>
    </ClInclude>
    <ClInclude Include="GAL\Vulkan\VulkanBindings.h">
      <Filter>Header Files</Filter>
    </ClInclude>
    <ClInclude Include="GAL\Vulkan\VulkanCommandBuffer.h">
      <Filter>Header Files</Filter>
    </ClInclude>
    <ClInclude Include="GAL\Vulkan\VulkanFramebuffer.h">
      <Filter>Header Files</Filter>
    </ClInclude>
    <ClInclude Include="GAL\Vulkan\VulkanPipelines.h">
      <Filter>Header Files</Filter>
    </ClInclude>
    <ClInclude Include="GAL\Vulkan\VulkanRenderContext.h">
      <Filter>Header Files</Filter>
    </ClInclude>
    <ClInclude Include="GAL\Vulkan\VulkanRenderDevice.h">
      <Filter>Header Files</Filter>
    </ClInclude>
    <ClInclude Include="GAL\Vulkan\VulkanRenderPass.h">
      <Filter>Header Files</Filter>
    </ClInclude>
    <ClInclude Include="GAL\Bindings.h">
      <Filter>Header Files</Filter>
    </ClInclude>
    <ClInclude Include="GAL\CommandBuffer.h">
      <Filter>Header Files</Filter>
    </ClInclude>
    <ClInclude Include="GAL\Framebuffer.h">
      <Filter>Header Files</Filter>
    </ClInclude>
    <ClInclude Include="GAL\RenderContext.h">
      <Filter>Header Files</Filter>
    </ClInclude>
    <ClInclude Include="GAL\RenderCore.h">
      <Filter>Header Files</Filter>
    </ClInclude>
    <ClInclude Include="GAL\RenderDevice.h">
      <Filter>Header Files</Filter>
    </ClInclude>
    <ClInclude Include="GAL\RenderPass.h">
      <Filter>Header Files</Filter>
    </ClInclude>
    <ClInclude Include="GAL\Buffer.h">
      <Filter>Header Files</Filter>
    </ClInclude>
    <ClInclude Include="GAL\Vulkan\VulkanBuffer.h">
      <Filter>Header Files</Filter>
    </ClInclude>
    <ClInclude Include="GAL\Memory.h">
      <Filter>Header Files</Filter>
    </ClInclude>
    <ClInclude Include="GAL\Vulkan\VulkanMemory.h">
      <Filter>Header Files</Filter>
    </ClInclude>
    <ClInclude Include="GAL\Synchronization.h">
      <Filter>Header Files</Filter>
    </ClInclude>
    <ClInclude Include="GAL\Vulkan\VulkanSynchronization.h">
      <Filter>Header Files</Filter>
    </ClInclude>
    <ClInclude Include="GAL\Pipelines.h">
      <Filter>Header Files</Filter>
    </ClInclude>
    <ClInclude Include="GAL\Vulkan\VulkanAccelerationStructures.h">
      <Filter>Header Files</Filter>
    </ClInclude>
    <ClInclude Include="GAL\Vulkan\VulkanQueryPool.h">
      <Filter>Header Files</Filter>
    </ClInclude>
    <ClInclude Include="GAL\Vulkan\VulkanTexture.h">
      <Filter>Header Files</Filter>
    </ClInclude>
    <ClInclude Include="GAL\Texture.h">
      <Filter>Header Files</Filter>
    </ClInclude>
    <ClInclude Include="GAL\Vulkan\VulkanAsyncHostOperation.h">
      <Filter>Header Files</Filter>
    </ClInclude>
    <ClInclude Include="GAL\DX12\DX12RenderDevice.h">
      <Filter>Header Files</Filter>
    </ClInclude>
    <ClInclude Include="GAL\DX12\DX12.h">
      <Filter>Header Files</Filter>
    </ClInclude>
    <ClInclude Include="GAL\DX12\DX12CommandBuffer.h">
      <Filter>Header Files</Filter>
    </ClInclude>
    <ClInclude Include="GAL\DX12\DX12Synchronization.h">
      <Filter>Header Files</Filter>
    </ClInclude>
    <ClInclude Include="GAL\DX12\DX12RenderContext.h">
      <Filter>Header Files</Filter>
    </ClInclude>
    <ClInclude Include="GAL\DX12\DX12Buffer.h">
      <Filter>Header Files</Filter>
    </ClInclude>
    <ClInclude Include="GAL\DX12\DX12Texture.h">
      <Filter>Header Files</Filter>
    </ClInclude>
  </ItemGroup>
  <ItemGroup>
    <ClCompile Include="src\Vulkan\VulkanBindings.cpp">
      <Filter>Source Files</Filter>
    </ClCompile>
    <ClCompile Include="src\Vulkan\VulkanCommandBuffer.cpp">
      <Filter>Source Files</Filter>
    </ClCompile>
    <ClCompile Include="src\Vulkan\VulkanFramebuffer.cpp">
      <Filter>Source Files</Filter>
    </ClCompile>
    <ClCompile Include="src\Vulkan\VulkanPipelines.cpp">
      <Filter>Source Files</Filter>
    </ClCompile>
    <ClCompile Include="src\Vulkan\VulkanRenderContext.cpp">
      <Filter>Source Files</Filter>
    </ClCompile>
    <ClCompile Include="src\Vulkan\VulkanRenderDevice.cpp">
      <Filter>Source Files</Filter>
    </ClCompile>
    <ClCompile Include="src\Vulkan\VulkanRenderPass.cpp">
      <Filter>Source Files</Filter>
    </ClCompile>
    <ClCompile Include="src\Vulkan\VulkanBuffer.cpp">
      <Filter>Source Files</Filter>
    </ClCompile>
    <ClCompile Include="src\Vulkan\VulkanSynchronization.cpp">
      <Filter>Source Files</Filter>
    </ClCompile>
    <ClCompile Include="src\Vulkan\VulkanMemory.cpp">
      <Filter>Source Files</Filter>
    </ClCompile>
    <ClCompile Include="src\Vulkan\VulkanAccelerationStructures.cpp">
      <Filter>Source Files</Filter>
    </ClCompile>
    <ClCompile Include="src\Vulkan\VulkanQueryPool.cpp">
      <Filter>Source Files</Filter>
    </ClCompile>
    <ClCompile Include="src\Vulkan\VulkanTexture.cpp">
      <Filter>Source Files</Filter>
    </ClCompile>
    <ClCompile Include="src\Vulkan\VulkanAsyncHostOperation.cpp">
      <Filter>Source Files</Filter>
    </ClCompile>
    <ClCompile Include="src\DX12\DX12RenderDevice.cpp">
      <Filter>Source Files</Filter>
    </ClCompile>
    <ClCompile Include="src\DX12\DX12Synchronization.cpp">
      <Filter>Source Files</Filter>
    </ClCompile>
    <ClCompile Include="src\DX12\DX12RenderContext.cpp">
      <Filter>Source Files</Filter>
    </ClCompile>
    <ClCompile Include="src\DX12\DX12CommandBuffer.cpp">
      <Filter>Source Files</Filter>
    </ClCompile>
    <ClCompile Include="src\DX12\DX12Buffer.cpp">
      <Filter>Source Files</Filter>
    </ClCompile>
    <ClCompile Include="src\DX12\DX12Texture.cpp">
      <Filter>Source Files</Filter>
    </ClCompile>
  </ItemGroup>
</Project>